// !$*UTF8*$!
{
	archiveVersion = 1;
	classes = {
	};
	objectVersion = 50;
	objects = {

/* Begin PBXBuildFile section */
		182D40BD25D12A3D0080F654 /* AppDelegate.swift in Sources */ = {isa = PBXBuildFile; fileRef = 182D40BC25D12A3D0080F654 /* AppDelegate.swift */; };
		182D40BF25D12A3D0080F654 /* SceneDelegate.swift in Sources */ = {isa = PBXBuildFile; fileRef = 182D40BE25D12A3D0080F654 /* SceneDelegate.swift */; };
		182D40C125D12A3D0080F654 /* ViewController.swift in Sources */ = {isa = PBXBuildFile; fileRef = 182D40C025D12A3D0080F654 /* ViewController.swift */; };
		182D40C425D12A3D0080F654 /* Main.storyboard in Resources */ = {isa = PBXBuildFile; fileRef = 182D40C225D12A3D0080F654 /* Main.storyboard */; };
		182D40C625D12A3F0080F654 /* Assets.xcassets in Resources */ = {isa = PBXBuildFile; fileRef = 182D40C525D12A3F0080F654 /* Assets.xcassets */; };
		182D40C925D12A3F0080F654 /* LaunchScreen.storyboard in Resources */ = {isa = PBXBuildFile; fileRef = 182D40C725D12A3F0080F654 /* LaunchScreen.storyboard */; };
		182D40D625D12E3D0080F654 /* WeatherTableViewCell.swift in Sources */ = {isa = PBXBuildFile; fileRef = 182D40D425D12E3D0080F654 /* WeatherTableViewCell.swift */; };
		182D40D725D12E3D0080F654 /* WeatherTableViewCell.xib in Resources */ = {isa = PBXBuildFile; fileRef = 182D40D525D12E3D0080F654 /* WeatherTableViewCell.xib */; };
		182D40DC25D12E600080F654 /* HourlyTableViewCell.swift in Sources */ = {isa = PBXBuildFile; fileRef = 182D40DA25D12E600080F654 /* HourlyTableViewCell.swift */; };
		182D40DD25D12E600080F654 /* HourlyTableViewCell.xib in Resources */ = {isa = PBXBuildFile; fileRef = 182D40DB25D12E600080F654 /* HourlyTableViewCell.xib */; };
		182D40E225D18E760080F654 /* WeatherCollectionViewCell.swift in Sources */ = {isa = PBXBuildFile; fileRef = 182D40E025D18E760080F654 /* WeatherCollectionViewCell.swift */; };
		182D40E325D18E760080F654 /* WeatherCollectionViewCell.xib in Resources */ = {isa = PBXBuildFile; fileRef = 182D40E125D18E760080F654 /* WeatherCollectionViewCell.xib */; };
		182D40E625D21BE90080F654 /* background.jpg in Resources */ = {isa = PBXBuildFile; fileRef = 182D40E525D21BE90080F654 /* background.jpg */; };
		182D40EA25D2222B0080F654 /* ScreenShot.png in Resources */ = {isa = PBXBuildFile; fileRef = 182D40E925D2222B0080F654 /* ScreenShot.png */; };
/* End PBXBuildFile section */

/* Begin PBXFileReference section */
		182D40B925D12A3D0080F654 /* MyWeather.app */ = {isa = PBXFileReference; explicitFileType = wrapper.application; includeInIndex = 0; path = MyWeather.app; sourceTree = BUILT_PRODUCTS_DIR; };
		182D40BC25D12A3D0080F654 /* AppDelegate.swift */ = {isa = PBXFileReference; lastKnownFileType = sourcecode.swift; path = AppDelegate.swift; sourceTree = "<group>"; };
		182D40BE25D12A3D0080F654 /* SceneDelegate.swift */ = {isa = PBXFileReference; lastKnownFileType = sourcecode.swift; path = SceneDelegate.swift; sourceTree = "<group>"; };
		182D40C025D12A3D0080F654 /* ViewController.swift */ = {isa = PBXFileReference; lastKnownFileType = sourcecode.swift; path = ViewController.swift; sourceTree = "<group>"; };
		182D40C325D12A3D0080F654 /* Base */ = {isa = PBXFileReference; lastKnownFileType = file.storyboard; name = Base; path = Base.lproj/Main.storyboard; sourceTree = "<group>"; };
		182D40C525D12A3F0080F654 /* Assets.xcassets */ = {isa = PBXFileReference; lastKnownFileType = folder.assetcatalog; path = Assets.xcassets; sourceTree = "<group>"; };
		182D40C825D12A3F0080F654 /* Base */ = {isa = PBXFileReference; lastKnownFileType = file.storyboard; name = Base; path = Base.lproj/LaunchScreen.storyboard; sourceTree = "<group>"; };
		182D40CA25D12A3F0080F654 /* Info.plist */ = {isa = PBXFileReference; lastKnownFileType = text.plist.xml; path = Info.plist; sourceTree = "<group>"; };
		182D40D425D12E3D0080F654 /* WeatherTableViewCell.swift */ = {isa = PBXFileReference; lastKnownFileType = sourcecode.swift; path = WeatherTableViewCell.swift; sourceTree = "<group>"; };
		182D40D525D12E3D0080F654 /* WeatherTableViewCell.xib */ = {isa = PBXFileReference; lastKnownFileType = file.xib; path = WeatherTableViewCell.xib; sourceTree = "<group>"; };
		182D40DA25D12E600080F654 /* HourlyTableViewCell.swift */ = {isa = PBXFileReference; lastKnownFileType = sourcecode.swift; path = HourlyTableViewCell.swift; sourceTree = "<group>"; };
		182D40DB25D12E600080F654 /* HourlyTableViewCell.xib */ = {isa = PBXFileReference; lastKnownFileType = file.xib; path = HourlyTableViewCell.xib; sourceTree = "<group>"; };
		182D40E025D18E760080F654 /* WeatherCollectionViewCell.swift */ = {isa = PBXFileReference; lastKnownFileType = sourcecode.swift; path = WeatherCollectionViewCell.swift; sourceTree = "<group>"; };
		182D40E125D18E760080F654 /* WeatherCollectionViewCell.xib */ = {isa = PBXFileReference; lastKnownFileType = file.xib; path = WeatherCollectionViewCell.xib; sourceTree = "<group>"; };
		182D40E525D21BE90080F654 /* background.jpg */ = {isa = PBXFileReference; lastKnownFileType = image.jpeg; path = background.jpg; sourceTree = "<group>"; };
		182D40E925D2222B0080F654 /* ScreenShot.png */ = {isa = PBXFileReference; lastKnownFileType = image.png; path = ScreenShot.png; sourceTree = "<group>"; };
/* End PBXFileReference section */

/* Begin PBXFrameworksBuildPhase section */
		182D40B625D12A3D0080F654 /* Frameworks */ = {
			isa = PBXFrameworksBuildPhase;
			buildActionMask = 2147483647;
			files = (
			);
			runOnlyForDeploymentPostprocessing = 0;
		};
/* End PBXFrameworksBuildPhase section */

/* Begin PBXGroup section */
		182D40B025D12A3C0080F654 = {
			isa = PBXGroup;
			children = (
				182D40BB25D12A3D0080F654 /* MyWeather */,
				182D40BA25D12A3D0080F654 /* Products */,
			);
			sourceTree = "<group>";
		};
		182D40BA25D12A3D0080F654 /* Products */ = {
			isa = PBXGroup;
			children = (
				182D40B925D12A3D0080F654 /* MyWeather.app */,
			);
			name = Products;
			sourceTree = "<group>";
		};
		182D40BB25D12A3D0080F654 /* MyWeather */ = {
			isa = PBXGroup;
			children = (
				182D40E825D220E40080F654 /* ScreenShot */,
				182D40E525D21BE90080F654 /* background.jpg */,
				182D40DF25D18E460080F654 /* CollectionViewCell */,
				182D40D325D12DE50080F654 /* HourlyCollectionCell */,
				182D40D125D12D5E0080F654 /* WeatherCell */,
				182D40BC25D12A3D0080F654 /* AppDelegate.swift */,
				182D40BE25D12A3D0080F654 /* SceneDelegate.swift */,
				182D40C025D12A3D0080F654 /* ViewController.swift */,
				182D40C225D12A3D0080F654 /* Main.storyboard */,
				182D40C525D12A3F0080F654 /* Assets.xcassets */,
				182D40C725D12A3F0080F654 /* LaunchScreen.storyboard */,
				182D40CA25D12A3F0080F654 /* Info.plist */,
			);
			path = MyWeather;
			sourceTree = "<group>";
		};
		182D40D125D12D5E0080F654 /* WeatherCell */ = {
			isa = PBXGroup;
			children = (
				182D40D425D12E3D0080F654 /* WeatherTableViewCell.swift */,
				182D40D525D12E3D0080F654 /* WeatherTableViewCell.xib */,
			);
			path = WeatherCell;
			sourceTree = "<group>";
		};
		182D40D325D12DE50080F654 /* HourlyCollectionCell */ = {
			isa = PBXGroup;
			children = (
				182D40DA25D12E600080F654 /* HourlyTableViewCell.swift */,
				182D40DB25D12E600080F654 /* HourlyTableViewCell.xib */,
			);
			path = HourlyCollectionCell;
			sourceTree = "<group>";
		};
		182D40DF25D18E460080F654 /* CollectionViewCell */ = {
			isa = PBXGroup;
			children = (
				182D40E025D18E760080F654 /* WeatherCollectionViewCell.swift */,
				182D40E125D18E760080F654 /* WeatherCollectionViewCell.xib */,
			);
			path = CollectionViewCell;
			sourceTree = "<group>";
		};
		182D40E825D220E40080F654 /* ScreenShot */ = {
			isa = PBXGroup;
			children = (
				182D40E925D2222B0080F654 /* ScreenShot.png */,
			);
			path = ScreenShot;
			sourceTree = "<group>";
		};
/* End PBXGroup section */

/* Begin PBXNativeTarget section */
		182D40B825D12A3D0080F654 /* MyWeather */ = {
			isa = PBXNativeTarget;
			buildConfigurationList = 182D40CD25D12A3F0080F654 /* Build configuration list for PBXNativeTarget "MyWeather" */;
			buildPhases = (
				182D40B525D12A3D0080F654 /* Sources */,
				182D40B625D12A3D0080F654 /* Frameworks */,
				182D40B725D12A3D0080F654 /* Resources */,
			);
			buildRules = (
			);
			dependencies = (
			);
			name = MyWeather;
			productName = MyWeather;
			productReference = 182D40B925D12A3D0080F654 /* MyWeather.app */;
			productType = "com.apple.product-type.application";
		};
/* End PBXNativeTarget section */

/* Begin PBXProject section */
		182D40B125D12A3C0080F654 /* Project object */ = {
			isa = PBXProject;
			attributes = {
				LastSwiftUpdateCheck = 1240;
				LastUpgradeCheck = 1240;
				TargetAttributes = {
					182D40B825D12A3D0080F654 = {
						CreatedOnToolsVersion = 12.4;
					};
				};
			};
			buildConfigurationList = 182D40B425D12A3C0080F654 /* Build configuration list for PBXProject "MyWeather" */;
			compatibilityVersion = "Xcode 9.3";
			developmentRegion = en;
			hasScannedForEncodings = 0;
			knownRegions = (
				en,
				Base,
			);
			mainGroup = 182D40B025D12A3C0080F654;
			productRefGroup = 182D40BA25D12A3D0080F654 /* Products */;
			projectDirPath = "";
			projectRoot = "";
			targets = (
				182D40B825D12A3D0080F654 /* MyWeather */,
			);
		};
/* End PBXProject section */

/* Begin PBXResourcesBuildPhase section */
		182D40B725D12A3D0080F654 /* Resources */ = {
			isa = PBXResourcesBuildPhase;
			buildActionMask = 2147483647;
			files = (
				182D40D725D12E3D0080F654 /* WeatherTableViewCell.xib in Resources */,
				182D40DD25D12E600080F654 /* HourlyTableViewCell.xib in Resources */,
				182D40EA25D2222B0080F654 /* ScreenShot.png in Resources */,
				182D40E625D21BE90080F654 /* background.jpg in Resources */,
				182D40C925D12A3F0080F654 /* LaunchScreen.storyboard in Resources */,
				182D40C625D12A3F0080F654 /* Assets.xcassets in Resources */,
				182D40C425D12A3D0080F654 /* Main.storyboard in Resources */,
				182D40E325D18E760080F654 /* WeatherCollectionViewCell.xib in Resources */,
			);
			runOnlyForDeploymentPostprocessing = 0;
		};
/* End PBXResourcesBuildPhase section */

/* Begin PBXSourcesBuildPhase section */
		182D40B525D12A3D0080F654 /* Sources */ = {
			isa = PBXSourcesBuildPhase;
			buildActionMask = 2147483647;
			files = (
				182D40D625D12E3D0080F654 /* WeatherTableViewCell.swift in Sources */,
				182D40C125D12A3D0080F654 /* ViewController.swift in Sources */,
				182D40DC25D12E600080F654 /* HourlyTableViewCell.swift in Sources */,
				182D40E225D18E760080F654 /* WeatherCollectionViewCell.swift in Sources */,
				182D40BD25D12A3D0080F654 /* AppDelegate.swift in Sources */,
				182D40BF25D12A3D0080F654 /* SceneDelegate.swift in Sources */,
			);
			runOnlyForDeploymentPostprocessing = 0;
		};
/* End PBXSourcesBuildPhase section */

/* Begin PBXVariantGroup section */
		182D40C225D12A3D0080F654 /* Main.storyboard */ = {
			isa = PBXVariantGroup;
			children = (
				182D40C325D12A3D0080F654 /* Base */,
			);
			name = Main.storyboard;
			sourceTree = "<group>";
		};
		182D40C725D12A3F0080F654 /* LaunchScreen.storyboard */ = {
			isa = PBXVariantGroup;
			children = (
				182D40C825D12A3F0080F654 /* Base */,
			);
			name = LaunchScreen.storyboard;
			sourceTree = "<group>";
		};
/* End PBXVariantGroup section */

/* Begin XCBuildConfiguration section */
		182D40CB25D12A3F0080F654 /* Debug */ = {
			isa = XCBuildConfiguration;
			buildSettings = {
				ALWAYS_SEARCH_USER_PATHS = NO;
				CLANG_ANALYZER_NONNULL = YES;
				CLANG_ANALYZER_NUMBER_OBJECT_CONVERSION = YES_AGGRESSIVE;
				CLANG_CXX_LANGUAGE_STANDARD = "gnu++14";
				CLANG_CXX_LIBRARY = "libc++";
				CLANG_ENABLE_MODULES = YES;
				CLANG_ENABLE_OBJC_ARC = YES;
				CLANG_ENABLE_OBJC_WEAK = YES;
				CLANG_WARN_BLOCK_CAPTURE_AUTORELEASING = YES;
				CLANG_WARN_BOOL_CONVERSION = YES;
				CLANG_WARN_COMMA = YES;
				CLANG_WARN_CONSTANT_CONVERSION = YES;
				CLANG_WARN_DEPRECATED_OBJC_IMPLEMENTATIONS = YES;
				CLANG_WARN_DIRECT_OBJC_ISA_USAGE = YES_ERROR;
				CLANG_WARN_DOCUMENTATION_COMMENTS = YES;
				CLANG_WARN_EMPTY_BODY = YES;
				CLANG_WARN_ENUM_CONVERSION = YES;
				CLANG_WARN_INFINITE_RECURSION = YES;
				CLANG_WARN_INT_CONVERSION = YES;
				CLANG_WARN_NON_LITERAL_NULL_CONVERSION = YES;
				CLANG_WARN_OBJC_IMPLICIT_RETAIN_SELF = YES;
				CLANG_WARN_OBJC_LITERAL_CONVERSION = YES;
				CLANG_WARN_OBJC_ROOT_CLASS = YES_ERROR;
				CLANG_WARN_QUOTED_INCLUDE_IN_FRAMEWORK_HEADER = YES;
				CLANG_WARN_RANGE_LOOP_ANALYSIS = YES;
				CLANG_WARN_STRICT_PROTOTYPES = YES;
				CLANG_WARN_SUSPICIOUS_MOVE = YES;
				CLANG_WARN_UNGUARDED_AVAILABILITY = YES_AGGRESSIVE;
				CLANG_WARN_UNREACHABLE_CODE = YES;
				CLANG_WARN__DUPLICATE_METHOD_MATCH = YES;
				COPY_PHASE_STRIP = NO;
				DEBUG_INFORMATION_FORMAT = dwarf;
				ENABLE_STRICT_OBJC_MSGSEND = YES;
				ENABLE_TESTABILITY = YES;
				GCC_C_LANGUAGE_STANDARD = gnu11;
				GCC_DYNAMIC_NO_PIC = NO;
				GCC_NO_COMMON_BLOCKS = YES;
				GCC_OPTIMIZATION_LEVEL = 0;
				GCC_PREPROCESSOR_DEFINITIONS = (
					"DEBUG=1",
					"$(inherited)",
				);
				GCC_WARN_64_TO_32_BIT_CONVERSION = YES;
				GCC_WARN_ABOUT_RETURN_TYPE = YES_ERROR;
				GCC_WARN_UNDECLARED_SELECTOR = YES;
				GCC_WARN_UNINITIALIZED_AUTOS = YES_AGGRESSIVE;
				GCC_WARN_UNUSED_FUNCTION = YES;
				GCC_WARN_UNUSED_VARIABLE = YES;
				IPHONEOS_DEPLOYMENT_TARGET = 14.4;
				MTL_ENABLE_DEBUG_INFO = INCLUDE_SOURCE;
				MTL_FAST_MATH = YES;
				ONLY_ACTIVE_ARCH = YES;
				SDKROOT = iphoneos;
				SWIFT_ACTIVE_COMPILATION_CONDITIONS = DEBUG;
				SWIFT_OPTIMIZATION_LEVEL = "-Onone";
			};
			name = Debug;
		};
		182D40CC25D12A3F0080F654 /* Release */ = {
			isa = XCBuildConfiguration;
			buildSettings = {
				ALWAYS_SEARCH_USER_PATHS = NO;
				CLANG_ANALYZER_NONNULL = YES;
				CLANG_ANALYZER_NUMBER_OBJECT_CONVERSION = YES_AGGRESSIVE;
				CLANG_CXX_LANGUAGE_STANDARD = "gnu++14";
				CLANG_CXX_LIBRARY = "libc++";
				CLANG_ENABLE_MODULES = YES;
				CLANG_ENABLE_OBJC_ARC = YES;
				CLANG_ENABLE_OBJC_WEAK = YES;
				CLANG_WARN_BLOCK_CAPTURE_AUTORELEASING = YES;
				CLANG_WARN_BOOL_CONVERSION = YES;
				CLANG_WARN_COMMA = YES;
				CLANG_WARN_CONSTANT_CONVERSION = YES;
				CLANG_WARN_DEPRECATED_OBJC_IMPLEMENTATIONS = YES;
				CLANG_WARN_DIRECT_OBJC_ISA_USAGE = YES_ERROR;
				CLANG_WARN_DOCUMENTATION_COMMENTS = YES;
				CLANG_WARN_EMPTY_BODY = YES;
				CLANG_WARN_ENUM_CONVERSION = YES;
				CLANG_WARN_INFINITE_RECURSION = YES;
				CLANG_WARN_INT_CONVERSION = YES;
				CLANG_WARN_NON_LITERAL_NULL_CONVERSION = YES;
				CLANG_WARN_OBJC_IMPLICIT_RETAIN_SELF = YES;
				CLANG_WARN_OBJC_LITERAL_CONVERSION = YES;
				CLANG_WARN_OBJC_ROOT_CLASS = YES_ERROR;
				CLANG_WARN_QUOTED_INCLUDE_IN_FRAMEWORK_HEADER = YES;
				CLANG_WARN_RANGE_LOOP_ANALYSIS = YES;
				CLANG_WARN_STRICT_PROTOTYPES = YES;
				CLANG_WARN_SUSPICIOUS_MOVE = YES;
				CLANG_WARN_UNGUARDED_AVAILABILITY = YES_AGGRESSIVE;
				CLANG_WARN_UNREACHABLE_CODE = YES;
				CLANG_WARN__DUPLICATE_METHOD_MATCH = YES;
				COPY_PHASE_STRIP = NO;
				DEBUG_INFORMATION_FORMAT = "dwarf-with-dsym";
				ENABLE_NS_ASSERTIONS = NO;
				ENABLE_STRICT_OBJC_MSGSEND = YES;
				GCC_C_LANGUAGE_STANDARD = gnu11;
				GCC_NO_COMMON_BLOCKS = YES;
				GCC_WARN_64_TO_32_BIT_CONVERSION = YES;
				GCC_WARN_ABOUT_RETURN_TYPE = YES_ERROR;
				GCC_WARN_UNDECLARED_SELECTOR = YES;
				GCC_WARN_UNINITIALIZED_AUTOS = YES_AGGRESSIVE;
				GCC_WARN_UNUSED_FUNCTION = YES;
				GCC_WARN_UNUSED_VARIABLE = YES;
				IPHONEOS_DEPLOYMENT_TARGET = 14.4;
				MTL_ENABLE_DEBUG_INFO = NO;
				MTL_FAST_MATH = YES;
				SDKROOT = iphoneos;
				SWIFT_COMPILATION_MODE = wholemodule;
				SWIFT_OPTIMIZATION_LEVEL = "-O";
				VALIDATE_PRODUCT = YES;
			};
			name = Release;
		};
		182D40CE25D12A3F0080F654 /* Debug */ = {
			isa = XCBuildConfiguration;
			buildSettings = {
				ASSETCATALOG_COMPILER_APPICON_NAME = AppIcon;
				ASSETCATALOG_COMPILER_GLOBAL_ACCENT_COLOR_NAME = AccentColor;
				CODE_SIGN_STYLE = Automatic;
				INFOPLIST_FILE = MyWeather/Info.plist;
				LD_RUNPATH_SEARCH_PATHS = (
					"$(inherited)",
					"@executable_path/Frameworks",
				);
				PRODUCT_BUNDLE_IDENTIFIER = com.github.phuctranba.MyWeather;
				PRODUCT_NAME = "$(TARGET_NAME)";
				SWIFT_VERSION = 5.0;
				TARGETED_DEVICE_FAMILY = "1,2";
			};
			name = Debug;
		};
		182D40CF25D12A3F0080F654 /* Release */ = {
			isa = XCBuildConfiguration;
			buildSettings = {
				ASSETCATALOG_COMPILER_APPICON_NAME = AppIcon;
				ASSETCATALOG_COMPILER_GLOBAL_ACCENT_COLOR_NAME = AccentColor;
				CODE_SIGN_STYLE = Automatic;
				INFOPLIST_FILE = MyWeather/Info.plist;
				LD_RUNPATH_SEARCH_PATHS = (
					"$(inherited)",
					"@executable_path/Frameworks",
				);
				PRODUCT_BUNDLE_IDENTIFIER = com.github.phuctranba.MyWeather;
				PRODUCT_NAME = "$(TARGET_NAME)";
				SWIFT_VERSION = 5.0;
				TARGETED_DEVICE_FAMILY = "1,2";
			};
			name = Release;
		};
/* End XCBuildConfiguration section */

/* Begin XCConfigurationList section */
		182D40B425D12A3C0080F654 /* Build configuration list for PBXProject "MyWeather" */ = {
			isa = XCConfigurationList;
			buildConfigurations = (
				182D40CB25D12A3F0080F654 /* Debug */,
				182D40CC25D12A3F0080F654 /* Release */,
			);
			defaultConfigurationIsVisible = 0;
			defaultConfigurationName = Release;
		};
		182D40CD25D12A3F0080F654 /* Build configuration list for PBXNativeTarget "MyWeather" */ = {
			isa = XCConfigurationList;
			buildConfigurations = (
				182D40CE25D12A3F0080F654 /* Debug */,
				182D40CF25D12A3F0080F654 /* Release */,
			);
			defaultConfigurationIsVisible = 0;
			defaultConfigurationName = Release;
		};
/* End XCConfigurationList section */
	};
	rootObject = 182D40B125D12A3C0080F654 /* Project object */;
}
